
Microsoft Visual Studio Solution File, Format Version 12.00
# Visual Studio Version 17
VisualStudioVersion = 17.0.31717.71
MinimumVisualStudioVersion = 10.0.40219.1
Project("{FAE04EC0-301F-11D3-BF4B-00C04F79EFBC}") = "01_MultiThread", "01_MultiThread\01_MultiThread.csproj", "{7AF8E9FB-C160-4F90-A118-99A36574C88B}"
EndProject
Project("{FAE04EC0-301F-11D3-BF4B-00C04F79EFBC}") = "02_ForegroundThread", "02_ForegroundThread\02_ForegroundThread.csproj", "{ED765499-9CC8-4162-BBC1-F5E714B7667D}"
EndProject
Project("{FAE04EC0-301F-11D3-BF4B-00C04F79EFBC}") = "03_BackgroundThread", "03_BackgroundThread\03_BackgroundThread.csproj", "{D4C981C3-639A-4714-B165-A7D5D304A670}"
EndProject
Global
	GlobalSection(SolutionConfigurationPlatforms) = preSolution
		Debug|Any CPU = Debug|Any CPU
		Release|Any CPU = Release|Any CPU
	EndGlobalSection
	GlobalSection(ProjectConfigurationPlatforms) = postSolution
		{7AF8E9FB-C160-4F90-A118-99A36574C88B}.Debug|Any CPU.ActiveCfg = Debug|Any CPU
		{7AF8E9FB-C160-4F90-A118-99A36574C88B}.Debug|Any CPU.Build.0 = Debug|Any CPU
		{7AF8E9FB-C160-4F90-A118-99A36574C88B}.Release|Any CPU.ActiveCfg = Release|Any CPU
		{7AF8E9FB-C160-4F90-A118-99A36574C88B}.Release|Any CPU.Build.0 = Release|Any CPU
		{ED765499-9CC8-4162-BBC1-F5E714B7667D}.Debug|Any CPU.ActiveCfg = Debug|Any CPU
		{ED765499-9CC8-4162-BBC1-F5E714B7667D}.Debug|Any CPU.Build.0 = Debug|Any CPU
		{ED765499-9CC8-4162-BBC1-F5E714B7667D}.Release|Any CPU.ActiveCfg = Release|Any CPU
		{ED765499-9CC8-4162-BBC1-F5E714B7667D}.Release|Any CPU.Build.0 = Release|Any CPU
		{D4C981C3-639A-4714-B165-A7D5D304A670}.Debug|Any CPU.ActiveCfg = Debug|Any CPU
		{D4C981C3-639A-4714-B165-A7D5D304A670}.Debug|Any CPU.Build.0 = Debug|Any CPU
		{D4C981C3-639A-4714-B165-A7D5D304A670}.Release|Any CPU.ActiveCfg = Release|Any CPU
		{D4C981C3-639A-4714-B165-A7D5D304A670}.Release|Any CPU.Build.0 = Release|Any CPU
	EndGlobalSection
	GlobalSection(SolutionProperties) = preSolution
		HideSolutionNode = FALSE
	EndGlobalSection
	GlobalSection(ExtensibilityGlobals) = postSolution
		SolutionGuid = {54E74153-4F27-41EA-B56F-1AA089AEC368}
	EndGlobalSection
EndGlobal
